
Microsoft Visual Studio Solution File, Format Version 12.00
# Visual Studio Version 17
VisualStudioVersion = 17.11.35208.52
MinimumVisualStudioVersion = 10.0.40219.1
Project("{9A19103F-16F7-4668-BE54-9A1E7A4F7556}") = "FoodInventory", "FoodInventory\FoodInventory.csproj", "{21F0B0D5-52A9-4DAF-A23A-5592D7F31FF2}"
EndProject
Global
	GlobalSection(SolutionConfigurationPlatforms) = preSolution
		Debug|Any CPU = Debug|Any CPU
		Release|Any CPU = Release|Any CPU
	EndGlobalSection
	GlobalSection(ProjectConfigurationPlatforms) = postSolution
		{21F0B0D5-52A9-4DAF-A23A-5592D7F31FF2}.Debug|Any CPU.ActiveCfg = Debug|Any CPU
		{21F0B0D5-52A9-4DAF-A23A-5592D7F31FF2}.Debug|Any CPU.Build.0 = Debug|Any CPU
		{21F0B0D5-52A9-4DAF-A23A-5592D7F31FF2}.Release|Any CPU.ActiveCfg = Release|Any CPU
		{21F0B0D5-52A9-4DAF-A23A-5592D7F31FF2}.Release|Any CPU.Build.0 = Release|Any CPU
	EndGlobalSection
	GlobalSection(SolutionProperties) = preSolution
		HideSolutionNode = FALSE
	EndGlobalSection
	GlobalSection(ExtensibilityGlobals) = postSolution
		SolutionGuid = {6CC6751F-B0C8-47AE-96D9-BD3E3DDB0525}
	EndGlobalSection
EndGlobal
